
Microsoft Visual Studio Solution File, Format Version 12.00
# Visual Studio Version 17
VisualStudioVersion = 17.14.36518.9
MinimumVisualStudioVersion = 10.0.40219.1
Project("{FAE04EC0-301F-11D3-BF4B-00C04F79EFBC}") = "MiniZotero", "MiniZotero\MiniZotero.csproj", "{8C38B81B-B5CC-48CB-A61B-590819D69E6F}"
EndProject
Global
	GlobalSection(SolutionConfigurationPlatforms) = preSolution
		Debug|Any CPU = Debug|Any CPU
		Release|Any CPU = Release|Any CPU
	EndGlobalSection
	GlobalSection(ProjectConfigurationPlatforms) = postSolution
		{8C38B81B-B5CC-48CB-A61B-590819D69E6F}.Debug|Any CPU.ActiveCfg = Debug|Any CPU
		{8C38B81B-B5CC-48CB-A61B-590819D69E6F}.Debug|Any CPU.Build.0 = Debug|Any CPU
		{8C38B81B-B5CC-48CB-A61B-590819D69E6F}.Release|Any CPU.ActiveCfg = Release|Any CPU
		{8C38B81B-B5CC-48CB-A61B-590819D69E6F}.Release|Any CPU.Build.0 = Release|Any CPU
	EndGlobalSection
	GlobalSection(SolutionProperties) = preSolution
		HideSolutionNode = FALSE
	EndGlobalSection
	GlobalSection(ExtensibilityGlobals) = postSolution
		SolutionGuid = {57A150A0-920C-443B-A780-8D6D4F0656F7}
	EndGlobalSection
EndGlobal
